{
    "_meta": {
        "hash": {
            "sha256": "e3e8059989e4e69ec2a2adf43f949124641b1a685c926d52068bfa9e3f9c802e"
        },
        "pipfile-spec": 6,
        "requires": {
            "python_version": "3.11"
        },
        "sources": [
            {
                "name": "pypi",
                "url": "https://pypi.org/simple",
                "verify_ssl": true
            }
        ]
    },
    "default": {
        "annotated-types": {
            "hashes": [
                "sha256:47cdc3490d9ac1506ce92c7aaa76c579dc3509ff11e098fc867e5130ab7be802",
                "sha256:58da39888f92c276ad970249761ebea80ba544b77acddaa1a4d6cf78287d45fd"
            ],
            "markers": "python_version >= '3.7'",
            "version": "==0.5.0"
        },
        "certifi": {
            "hashes": [
                "sha256:539cc1d13202e33ca466e88b2807e29f4c13049d6d87031a3c110744495cb082",
                "sha256:92d6037539857d8206b8f6ae472e8b77db8058fec5937a1ef3f54304089edbb9"
            ],
            "markers": "python_version >= '3.6'",
            "version": "==2023.7.22"
        },
        "charset-normalizer": {
            "hashes": [
                "sha256:04e57ab9fbf9607b77f7d057974694b4f6b142da9ed4a199859d9d4d5c63fe96",
                "sha256:09393e1b2a9461950b1c9a45d5fd251dc7c6f228acab64da1c9c0165d9c7765c",
                "sha256:0b87549028f680ca955556e3bd57013ab47474c3124dc069faa0b6545b6c9710",
                "sha256:1000fba1057b92a65daec275aec30586c3de2401ccdcd41f8a5c1e2c87078706",
                "sha256:1249cbbf3d3b04902ff081ffbb33ce3377fa6e4c7356f759f3cd076cc138d020",
                "sha256:1920d4ff15ce893210c1f0c0e9d19bfbecb7983c76b33f046c13a8ffbd570252",
                "sha256:193cbc708ea3aca45e7221ae58f0fd63f933753a9bfb498a3b474878f12caaad",
                "sha256:1a100c6d595a7f316f1b6f01d20815d916e75ff98c27a01ae817439ea7726329",
                "sha256:1f30b48dd7fa1474554b0b0f3fdfdd4c13b5c737a3c6284d3cdc424ec0ffff3a",
                "sha256:203f0c8871d5a7987be20c72442488a0b8cfd0f43b7973771640fc593f56321f",
                "sha256:246de67b99b6851627d945db38147d1b209a899311b1305dd84916f2b88526c6",
                "sha256:2dee8e57f052ef5353cf608e0b4c871aee320dd1b87d351c28764fc0ca55f9f4",
                "sha256:2efb1bd13885392adfda4614c33d3b68dee4921fd0ac1d3988f8cbb7d589e72a",
                "sha256:2f4ac36d8e2b4cc1aa71df3dd84ff8efbe3bfb97ac41242fbcfc053c67434f46",
                "sha256:3170c9399da12c9dc66366e9d14da8bf7147e1e9d9ea566067bbce7bb74bd9c2",
                "sha256:3b1613dd5aee995ec6d4c69f00378bbd07614702a315a2cf6c1d21461fe17c23",
                "sha256:3bb3d25a8e6c0aedd251753a79ae98a093c7e7b471faa3aa9a93a81431987ace",
                "sha256:3bb7fda7260735efe66d5107fb7e6af6a7c04c7fce9b2514e04b7a74b06bf5dd",
                "sha256:41b25eaa7d15909cf3ac4c96088c1f266a9a93ec44f87f1d13d4a0e86c81b982",
                "sha256:45de3f87179c1823e6d9e32156fb14c1927fcc9aba21433f088fdfb555b77c10",
                "sha256:46fb8c61d794b78ec7134a715a3e564aafc8f6b5e338417cb19fe9f57a5a9bf2",
                "sha256:48021783bdf96e3d6de03a6e39a1171ed5bd7e8bb93fc84cc649d11490f87cea",
                "sha256:4957669ef390f0e6719db3613ab3a7631e68424604a7b448f079bee145da6e09",
                "sha256:5e86d77b090dbddbe78867a0275cb4df08ea195e660f1f7f13435a4649e954e5",
                "sha256:6339d047dab2780cc6220f46306628e04d9750f02f983ddb37439ca47ced7149",
                "sha256:681eb3d7e02e3c3655d1b16059fbfb605ac464c834a0c629048a30fad2b27489",
                "sha256:6c409c0deba34f147f77efaa67b8e4bb83d2f11c8806405f76397ae5b8c0d1c9",
                "sha256:7095f6fbfaa55defb6b733cfeb14efaae7a29f0b59d8cf213be4e7ca0b857b80",
                "sha256:70c610f6cbe4b9fce272c407dd9d07e33e6bf7b4aa1b7ffb6f6ded8e634e3592",
                "sha256:72814c01533f51d68702802d74f77ea026b5ec52793c791e2da806a3844a46c3",
                "sha256:7a4826ad2bd6b07ca615c74ab91f32f6c96d08f6fcc3902ceeedaec8cdc3bcd6",
                "sha256:7c70087bfee18a42b4040bb9ec1ca15a08242cf5867c58726530bdf3945672ed",
                "sha256:855eafa5d5a2034b4621c74925d89c5efef61418570e5ef9b37717d9c796419c",
                "sha256:8700f06d0ce6f128de3ccdbc1acaea1ee264d2caa9ca05daaf492fde7c2a7200",
                "sha256:89f1b185a01fe560bc8ae5f619e924407efca2191b56ce749ec84982fc59a32a",
                "sha256:8b2c760cfc7042b27ebdb4a43a4453bd829a5742503599144d54a032c5dc7e9e",
                "sha256:8c2f5e83493748286002f9369f3e6607c565a6a90425a3a1fef5ae32a36d749d",
                "sha256:8e098148dd37b4ce3baca71fb394c81dc5d9c7728c95df695d2dca218edf40e6",
                "sha256:94aea8eff76ee6d1cdacb07dd2123a68283cb5569e0250feab1240058f53b623",
                "sha256:95eb302ff792e12aba9a8b8f8474ab229a83c103d74a750ec0bd1c1eea32e669",
                "sha256:9bd9b3b31adcb054116447ea22caa61a285d92e94d710aa5ec97992ff5eb7cf3",
                "sha256:9e608aafdb55eb9f255034709e20d5a83b6d60c054df0802fa9c9883d0a937aa",
                "sha256:a103b3a7069b62f5d4890ae1b8f0597618f628b286b03d4bc9195230b154bfa9",
                "sha256:a386ebe437176aab38c041de1260cd3ea459c6ce5263594399880bbc398225b2",
                "sha256:a38856a971c602f98472050165cea2cdc97709240373041b69030be15047691f",
                "sha256:a401b4598e5d3f4a9a811f3daf42ee2291790c7f9d74b18d75d6e21dda98a1a1",
                "sha256:a7647ebdfb9682b7bb97e2a5e7cb6ae735b1c25008a70b906aecca294ee96cf4",
                "sha256:aaf63899c94de41fe3cf934601b0f7ccb6b428c6e4eeb80da72c58eab077b19a",
                "sha256:b0dac0ff919ba34d4df1b6131f59ce95b08b9065233446be7e459f95554c0dc8",
                "sha256:baacc6aee0b2ef6f3d308e197b5d7a81c0e70b06beae1f1fcacffdbd124fe0e3",
                "sha256:bf420121d4c8dce6b889f0e8e4ec0ca34b7f40186203f06a946fa0276ba54029",
                "sha256:c04a46716adde8d927adb9457bbe39cf473e1e2c2f5d0a16ceb837e5d841ad4f",
                "sha256:c0b21078a4b56965e2b12f247467b234734491897e99c1d51cee628da9786959",
                "sha256:c1c76a1743432b4b60ab3358c937a3fe1341c828ae6194108a94c69028247f22",
                "sha256:c4983bf937209c57240cff65906b18bb35e64ae872da6a0db937d7b4af845dd7",
                "sha256:c4fb39a81950ec280984b3a44f5bd12819953dc5fa3a7e6fa7a80db5ee853952",
                "sha256:c57921cda3a80d0f2b8aec7e25c8aa14479ea92b5b51b6876d975d925a2ea346",
                "sha256:c8063cf17b19661471ecbdb3df1c84f24ad2e389e326ccaf89e3fb2484d8dd7e",
                "sha256:ccd16eb18a849fd8dcb23e23380e2f0a354e8daa0c984b8a732d9cfaba3a776d",
                "sha256:cd6dbe0238f7743d0efe563ab46294f54f9bc8f4b9bcf57c3c666cc5bc9d1299",
                "sha256:d62e51710986674142526ab9f78663ca2b0726066ae26b78b22e0f5e571238dd",
                "sha256:db901e2ac34c931d73054d9797383d0f8009991e723dab15109740a63e7f902a",
                "sha256:e03b8895a6990c9ab2cdcd0f2fe44088ca1c65ae592b8f795c3294af00a461c3",
                "sha256:e1c8a2f4c69e08e89632defbfabec2feb8a8d99edc9f89ce33c4b9e36ab63037",
                "sha256:e4b749b9cc6ee664a3300bb3a273c1ca8068c46be705b6c31cf5d276f8628a94",
                "sha256:e6a5bf2cba5ae1bb80b154ed68a3cfa2fa00fde979a7f50d6598d3e17d9ac20c",
                "sha256:e857a2232ba53ae940d3456f7533ce6ca98b81917d47adc3c7fd55dad8fab858",
                "sha256:ee4006268ed33370957f55bf2e6f4d263eaf4dc3cfc473d1d90baff6ed36ce4a",
                "sha256:eef9df1eefada2c09a5e7a40991b9fc6ac6ef20b1372abd48d2794a316dc0449",
                "sha256:f058f6963fd82eb143c692cecdc89e075fa0828db2e5b291070485390b2f1c9c",
                "sha256:f25c229a6ba38a35ae6e25ca1264621cc25d4d38dca2942a7fce0b67a4efe918",
                "sha256:f2a1d0fd4242bd8643ce6f98927cf9c04540af6efa92323e9d3124f57727bfc1",
                "sha256:f7560358a6811e52e9c4d142d497f1a6e10103d3a6881f18d04dbce3729c0e2c",
                "sha256:f779d3ad205f108d14e99bb3859aa7dd8e9c68874617c72354d7ecaec2a054ac",
                "sha256:f87f746ee241d30d6ed93969de31e5ffd09a2961a051e60ae6bddde9ec3583aa"
            ],
            "markers": "python_full_version >= '3.7.0'",
            "version": "==3.2.0"
        },
        "click": {
            "hashes": [
                "sha256:ae74fb96c20a0277a1d615f1e4d73c8414f5a98db8b799a7931d1582f3390c28",
                "sha256:ca9853ad459e787e2192211578cc907e7594e294c7ccc834310722b41b9ca6de"
            ],
            "index": "pypi",
            "markers": "python_version >= '3.7'",
            "version": "==8.1.7"
        },
        "gitdb": {
            "hashes": [
                "sha256:6eb990b69df4e15bad899ea868dc46572c3f75339735663b81de79b06f17eb9a",
                "sha256:c286cf298426064079ed96a9e4a9d39e7f3e9bf15ba60701e95f5492f28415c7"
            ],
            "markers": "python_version >= '3.7'",
            "version": "==4.0.10"
        },
        "gitpython": {
            "hashes": [
                "sha256:4bb0c2a6995e85064140d31a33289aa5dce80133a23d36fcd372d716c54d3ebf",
                "sha256:8d22b5cfefd17c79914226982bb7851d6ade47545b1735a9d010a2a4c26d8388"
            ],
            "index": "pypi",
            "markers": "python_version >= '3.7'",
            "version": "==3.1.36"
        },
        "idna": {
            "hashes": [
                "sha256:814f528e8dead7d329833b91c5faa87d60bf71824cd12a7530b5526063d02cb4",
                "sha256:90b77e79eaa3eba6de819a0c442c0b4ceefc341a7a2ab77d7562bf49f425c5c2"
            ],
            "markers": "python_version >= '3.5'",
            "version": "==3.4"
        },
        "pydantic": {
            "hashes": [
                "sha256:54216ccb537a606579f53d7f6ed912e98fffce35aff93b25cd80b1c2ca806fc3",
                "sha256:909b2b7d7be775a890631218e8c4b6b5418c9b6c57074ae153e5c09b73bf06a3"
            ],
            "index": "pypi",
            "markers": "python_version >= '3.7'",
            "version": "==2.4.0"
        },
        "pydantic-core": {
            "hashes": [
                "sha256:02b3d546342e7f583bf58f4a4618c7e97f44426db2358789393537dd4e9a921d",
                "sha256:030ba2f59e78c8732445d8c9f093579674f2b5b93b3960945face14ec2e82682",
                "sha256:09ac18617199704327d99c85893d697b8442c18b8c2db1ea636ba83313223541",
                "sha256:0aa8bdc2d78afadd191148726f094be81d5e4b76011f8fa9300f317e06a1b732",
                "sha256:0b50848d1a614093c05c97d0fdf841ef547d8c087fbd06f6eafe8ef1d836d6c1",
                "sha256:0e210107faf47d5965fcebc294c41891573adab36e5cf70731c57d0068fc7c5c",
                "sha256:100bbd622433d9d7ca8ee4fa63dfae90f9f38358558955173aed6ed56c573db8",
                "sha256:12470a4de172aaa1bbadb45744de4a9b0298fa8f974eb508314c3b5da0cb4aed",
                "sha256:17460ffd8f8e49ca52711b4926fefe2b336d01b63dc27aee432a576c2147c8ce",
                "sha256:19c7aa3c0ff08ddc91597d8af08f8c4de59b27fe752b3bd1db9a67f6f08c4020",
                "sha256:1c1bfa2ca352bf43d34b7099f8ed675deb88113bd36c76880f4ca18fc0d3af50",
                "sha256:1ecd28fb4c98c97836046d092029017bcc35e060ea547484aa1234b8a592de17",
                "sha256:22b126893f53c789ad2253c9288a59362171a5bafbb865190c43d430dc805edb",
                "sha256:2352f7cb8ef0cd21fbc582abe2a14105d7e8400f97a551ca2e3b05dee77525d2",
                "sha256:25cacd12689b1a357ae6212c7f5980ebf487720db5bbf1bb5d91085226b6a962",
                "sha256:2a6f28e2b2a5cef3b52b5ac6c6d64fe810ca51ec57081554f447c818778eea09",
                "sha256:30c5df611afc5a9f2ad48babe2192f9cf0d12ed6c0dd5eb57b3538491c113737",
                "sha256:312831c5bf50d9d432c11baf9bbd8d8961740608ccbc66fb1290d532aff21b18",
                "sha256:34a45943bb14275e9681fd4abafbe3acae1e7dac7248bebf38ac5bde492e00f7",
                "sha256:391805e8a4ad731e729a22d8e14bad2d724915d28618be6c66dc7ccb421a13a0",
                "sha256:394a8ce4a7495af8dbf33038daf57a6170be15f8d1d92a7b63c6f2211527d950",
                "sha256:3f230d70be54447e12fcd0f1c2319dac74341244fafd2350d5675aa194f6c3f4",
                "sha256:3ffb2a3462bb7905c4d849b95f536ac1f3948e92f5e0fc7e65bd3f3b0d132cf4",
                "sha256:4a622a8abf656cc51960766fa4d194504e8a9f85ae48032f87fb42c79462c7b8",
                "sha256:52eb5c61de017bfee422f6aa9a3e76de5aa5a9189ba808bba63b9de67e55c4ca",
                "sha256:573e89b3da5908f564ae54b6284e20b490158681e91e1776a59dfda17ec0a6a8",
                "sha256:5958b1af7acd7b4a629e9758ce54a31c1910695e85e0ef847ba3daa4f25a0a08",
                "sha256:5cbfe4cd608cf6d032374961e4e07d0506acfaec7b1a69beade1d5f98dce00fd",
                "sha256:5e816d042f80dd630aaedbc75c21084da9e1d7ea5918619b8089c7edaedd57e8",
                "sha256:5f00e83aa9aebbfd4382695a5ed94e6282ac01455fbb1a37d99d2effa29df30f",
                "sha256:5f76cb8d68d87fd05e56aba392c841d98eeb3ad378bcf5331b42bac7afee0d66",
                "sha256:66c0169457733a4dfe72be51dd359414eddd0738b15dda07827f18a10e9f6ab7",
                "sha256:68992f78507e95ed63ca87b8b177785d9806cde34ca3a9f98382188dd11d8720",
                "sha256:6930eaf3aa2ba660ed3f64206902a534f454f9954e5de06354e20d890bebbd8a",
                "sha256:69772dcdcf90b677d0d2ecedafe4c6a610572f1fad15912cde28a6f8eb5654fd",
                "sha256:705fad71297dfedc5c9e3c935702864aa0cc7812be11ac544f152677ba6ea430",
                "sha256:7192492b09c1e4ad103e5cb98eb397f9b61a9037fce03e94cafe3238404dbe0f",
                "sha256:725f0276402773a6b61b6f67bf9562f37ba08a8bfebdfb9990eea786ed5711b2",
                "sha256:729a2fc4bc1564d164258eaf138ab4c03baa2080a5e3f91a9b3cb2d758248b8f",
                "sha256:7440933341f655a64456065211cf7657c3cf3524d5b0b02f5d9b63ef5a7e0d49",
                "sha256:776eee60ca8ca3de83add0fb95a0034ac965a12590bb22ec09b05c87870ba401",
                "sha256:7820faf076216654ae54ad8a8443a296faaac9057a49ff404ce92ab85c9518a3",
                "sha256:792af9e4f78d6f1d0aabfb95162c5ed56b5369b25350eaa68b1495e8f675d4d9",
                "sha256:7c6915a9b3dd16e016dba7e76070e667eca50530f957daa5b78c73abbf281b25",
                "sha256:7cbf77664099345a25932ebe25d7bf9a330fc29acd9a909e8751ac0c42097fb3",
                "sha256:7cecd7669b1ebee8ae90f5aa7d459770b6e79db7b95983aacc5b7392a050b9ab",
                "sha256:7e2360b86b21e2aab8d4f1ce2551e2b731bc30610b7cc9324ea7517af4375b08",
                "sha256:82c3f0752547f928e4fcfb00151d6deb9124be7d35e012c567429fe93ec71b71",
                "sha256:85d8225cd08aacb8a2843cf0a0a72f1c403c6ac6f18d4cfeecabe050f80c9ea3",
                "sha256:873db84afcbcf3f1ed0040ed9c5534bc1af5d647d13c04be12f3568421f5dd3e",
                "sha256:8a5323d6778931ab1b3b22bac05fb7c961786d3b04a6c84f7c0ffcc331b4b998",
                "sha256:8f919d17581fdf6e71ff3d3fe4b02ed32aaa0429e0b4346798de7a1361e098ef",
                "sha256:8fe66506700efdfc699c613ccc4974ac7d8fceed8c74983e55ec380504db2e05",
                "sha256:923000ea46def1bdded511b5792ec19866909797a05dc8f75342c6a9cacb2d66",
                "sha256:9527cf9c25fd655617620c8d6cb43216c0ce5779871ab7f83175421267b85199",
                "sha256:96b3007451863b46e8138f8096ef31aea6f7721a9910843b0554ce4ae17024a2",
                "sha256:98474284adb71c8738e5efb71ccb1382d8d66f042ad0875018c78bcb38ac0f47",
                "sha256:9e21ab9c49cc58282c228ff89fb4a5e4b447233ccd53acb7f333d1cde58df37b",
                "sha256:9e72c1e06a20c10b9c5f7a3fe09ec46e0e208c65a69d2efb92a3e1b64443e6c3",
                "sha256:9f3b25201efe20d182f3bd6fe8d99685f4ed01cac67b79c017c9cf688b747263",
                "sha256:9f6f70680c15876c583a24bd476e49004327e87392be0282aedbc65773519ea8",
                "sha256:a04054b91afc41282a0a7426147654849136b37a41da86412d4ff5ba51b9cd2f",
                "sha256:a537e87ca600e59e532fbc770a60f9f3a5ebcff9bae8c60aceeec5beb326e1b8",
                "sha256:aa45f0846773cb142252ccef66b096d917bb76c6ef9da1aa747e6b44aa318192",
                "sha256:ab1fa046ef9058ceef941b576c5e7711bab3d99be00a304fb4726cf4b94e05ff",
                "sha256:ab2d56dfa13244164f0ba8125d8315c799fa0150459b88fc42ed5c1e3c04d47a",
                "sha256:ab4d279c480e83c516e4e0b7b1f882f168f614d9c62e18ab779edef0cd13aaa9",
                "sha256:ad7b5f4352f3dfcc481b008bce3b3931a485a93112deaa0a25bee2817d3f7b98",
                "sha256:b0061965942489e6da23f0399b1136fd10eff0a4f0cefae13369eba1776e22a6",
                "sha256:b1496f38e49c7960461002768c5f4c9ba9720fe259cd5c8b229cd0b3b0861844",
                "sha256:b196c4ace34be6c2953c6ec3906d1af88c418b93325d612d7f900ed30bf1e0ac",
                "sha256:b1fefe63baa04f1d9dd5b4564b1e73d133e1c745589933d7ef9718235915cc81",
                "sha256:b40221d1490f2c6e488d2576773a574d42436b5aba1faed91f59a9feb82c384b",
                "sha256:b4df023610af081d6da85328411fed7aacf19e939fe955bb31f29212f8dcf306",
                "sha256:b5d4eec8aba25b163a4d9dcc6be8354bc8f939040bc15a6400cbd62ba0511a5f",
                "sha256:ba288fa675b2951e7898ebfdd8defa0e958e514d4d1cc7a5f6a8d627378c0c47",
                "sha256:bc0a33779fded534ff0b5d8ef766a1c94d3e740877ea8adab65cbf1878ba03b4",
                "sha256:bc5be7a29a6b25a186941e9e2b5f9281c05723628e1fdb244f429f4c1682ff49",
                "sha256:c1041d8fcd313c68b77dec6a16bf1d690008270b50eec11e96d89e1b4ba756b1",
                "sha256:c1ab3701d660bd136a22e1ca95292bfed50245eb869adaee2e08f29d4dd5e360",
                "sha256:c1bcb1b9b33573eeef218ffb3a2910c57fedc8831caf3c942e68a2222481d2cc",
                "sha256:c2a126c7271a9421005a0f57cf71294ad49c375e4d0a9198b93665796f49e7f7",
                "sha256:c394e9ed6f9e6f4af3618c34bc15f2af4237f7d1989b7f45588f8e855bc10e08",
                "sha256:c61755149ba534123ae08e6aa814aa34f47c6ba45a622ea98ddd7860b5312767",
                "sha256:c871820c60fc863c7b3f660612af6ce5bb8f5f69d6364f208e29d2ca7992d154",
                "sha256:cd175beab2ac845a90d31bb4ea8e6c1e8be12efaf14b9918d0ab4828dd3c916b",
                "sha256:d0b17e8d08a1c94efb91d8d389ec76a32fc3f85ba06626b5ef0c2d6bffcbe066",
                "sha256:d122a46c360c8069f7ac39c6f2c29cf99436baa48ba1e28ea5443336e9bbb838",
                "sha256:d1e79893a20207ff671f13f5562c1f0aaece030e6e30252683f536286ba89864",
                "sha256:d72a561d7c0738ae5d05a709c739b2953d05e18151539750ca9622f3438de041",
                "sha256:daea90360d99ad06a3f686b3e628222ac3aa953b1982f13be5b69b2648c5e6bb",
                "sha256:e079540fd4c45c23de4465cafb20cddcd8befe3b5f46505a2eb28e49b9d13ee2",
                "sha256:e24d92d3a60d6eb19a1bd0f1f259369f478e0f34412a33e794da6cdaa36218be",
                "sha256:e3f69d48191103587950981cf47c936064c808b6c18f57e745ed130a305c73a6",
                "sha256:e70c6c882ab101a72010c8f91e87db211fa2aaf6aa51acc7160fe5649630ed75",
                "sha256:ed5f8d6cb834c80fb813d233f9bfb60d3453b7450c80c0814b8e78c23d1ea8bf",
                "sha256:f114130c44ae52b3bd2450dac8e1d3e1e92a92baecb24dbcdb6de2d2fc15bdb5",
                "sha256:f1a70f99d1a7270d4f321a8824e87d5b88acd64c2af6049915b7fd8215437e04",
                "sha256:f32df1d8d383e1b729674ad1053d8f43f7ed79848496d3cb6ca81a906318317b",
                "sha256:f622778eb180cf7eba25e65d2fe37a57a0eadd8403df4c44606b56d204f686de",
                "sha256:f94539aa4265ab5528d8c3dc4505a19369083c29d0713b8ed536f93b9bc1e94f",
                "sha256:f9f2c70257f03db712658d4138e2b892bdd7c71472783eaebc2813a47fd29ef3",
                "sha256:fa4bd88165d860111e860e8b43efd97afd137a9165cf24eb3cfb2371f57452bf",
                "sha256:fb204346d3eda4e0c63cbeeec6398a52682ac51f9cf7379a13505863e47d3186",
                "sha256:fb513fc74bdf5f649e6e855fc87ed9b81ee8b0be96717190f9e00683244f0616",
                "sha256:fbba90179672707ab69ad19ef7d3c3f0a8e2f0a0579f0eb79649ffcdacf476d0"
            ],
            "markers": "python_version >= '3.7'",
            "version": "==2.10.0"
        },
        "python-on-whales": {
            "hashes": [
                "sha256:075fcd89ca6018c274f13791e5579bf2fa7c46808a3161c2686a4984510c3d1c",
                "sha256:6adb4ac0486dbdab663c491952c1b1007e6599f9db333fbf07e2ad943f7bc847"
            ],
            "index": "pypi",
            "markers": "python_version >= '3.8' and python_version < '4'",
            "version": "==0.64.3"
        },
        "pyyaml": {
            "hashes": [
                "sha256:04ac92ad1925b2cff1db0cfebffb6ffc43457495c9b3c39d3fcae417d7125dc5",
                "sha256:062582fca9fabdd2c8b54a3ef1c978d786e0f6b3a1510e0ac93ef59e0ddae2bc",
                "sha256:0d3304d8c0adc42be59c5f8a4d9e3d7379e6955ad754aa9d6ab7a398b59dd1df",
                "sha256:1635fd110e8d85d55237ab316b5b011de701ea0f29d07611174a1b42f1444741",
                "sha256:184c5108a2aca3c5b3d3bf9395d50893a7ab82a38004c8f61c258d4428e80206",
                "sha256:18aeb1bf9a78867dc38b259769503436b7c72f7a1f1f4c93ff9a17de54319b27",
                "sha256:1d4c7e777c441b20e32f52bd377e0c409713e8bb1386e1099c2415f26e479595",
                "sha256:1e2722cc9fbb45d9b87631ac70924c11d3a401b2d7f410cc0e3bbf249f2dca62",
                "sha256:1fe35611261b29bd1de0070f0b2f47cb6ff71fa6595c077e42bd0c419fa27b98",
                "sha256:28c119d996beec18c05208a8bd78cbe4007878c6dd15091efb73a30e90539696",
                "sha256:326c013efe8048858a6d312ddd31d56e468118ad4cdeda36c719bf5bb6192290",
                "sha256:40df9b996c2b73138957fe23a16a4f0ba614f4c0efce1e9406a184b6d07fa3a9",
                "sha256:42f8152b8dbc4fe7d96729ec2b99c7097d656dc1213a3229ca5383f973a5ed6d",
                "sha256:49a183be227561de579b4a36efbb21b3eab9651dd81b1858589f796549873dd6",
                "sha256:4fb147e7a67ef577a588a0e2c17b6db51dda102c71de36f8549b6816a96e1867",
                "sha256:50550eb667afee136e9a77d6dc71ae76a44df8b3e51e41b77f6de2932bfe0f47",
                "sha256:510c9deebc5c0225e8c96813043e62b680ba2f9c50a08d3724c7f28a747d1486",
                "sha256:5773183b6446b2c99bb77e77595dd486303b4faab2b086e7b17bc6bef28865f6",
                "sha256:596106435fa6ad000c2991a98fa58eeb8656ef2325d7e158344fb33864ed87e3",
                "sha256:6965a7bc3cf88e5a1c3bd2e0b5c22f8d677dc88a455344035f03399034eb3007",
                "sha256:69b023b2b4daa7548bcfbd4aa3da05b3a74b772db9e23b982788168117739938",
                "sha256:6c22bec3fbe2524cde73d7ada88f6566758a8f7227bfbf93a408a9d86bcc12a0",
                "sha256:704219a11b772aea0d8ecd7058d0082713c3562b4e271b849ad7dc4a5c90c13c",
                "sha256:7e07cbde391ba96ab58e532ff4803f79c4129397514e1413a7dc761ccd755735",
                "sha256:81e0b275a9ecc9c0c0c07b4b90ba548307583c125f54d5b6946cfee6360c733d",
                "sha256:855fb52b0dc35af121542a76b9a84f8d1cd886ea97c84703eaa6d88e37a2ad28",
                "sha256:8d4e9c88387b0f5c7d5f281e55304de64cf7f9c0021a3525bd3b1c542da3b0e4",
                "sha256:9046c58c4395dff28dd494285c82ba00b546adfc7ef001486fbf0324bc174fba",
                "sha256:9eb6caa9a297fc2c2fb8862bc5370d0303ddba53ba97e71f08023b6cd73d16a8",
                "sha256:a0cd17c15d3bb3fa06978b4e8958dcdc6e0174ccea823003a106c7d4d7899ac5",
                "sha256:afd7e57eddb1a54f0f1a974bc4391af8bcce0b444685d936840f125cf046d5bd",
                "sha256:b1275ad35a5d18c62a7220633c913e1b42d44b46ee12554e5fd39c70a243d6a3",
                "sha256:b786eecbdf8499b9ca1d697215862083bd6d2a99965554781d0d8d1ad31e13a0",
                "sha256:ba336e390cd8e4d1739f42dfe9bb83a3cc2e80f567d8805e11b46f4a943f5515",
                "sha256:baa90d3f661d43131ca170712d903e6295d1f7a0f595074f151c0aed377c9b9c",
                "sha256:bc1bf2925a1ecd43da378f4db9e4f799775d6367bdb94671027b73b393a7c42c",
                "sha256:bd4af7373a854424dabd882decdc5579653d7868b8fb26dc7d0e99f823aa5924",
                "sha256:bf07ee2fef7014951eeb99f56f39c9bb4af143d8aa3c21b1677805985307da34",
                "sha256:bfdf460b1736c775f2ba9f6a92bca30bc2095067b8a9d77876d1fad6cc3b4a43",
                "sha256:c8098ddcc2a85b61647b2590f825f3db38891662cfc2fc776415143f599bb859",
                "sha256:d2b04aac4d386b172d5b9692e2d2da8de7bfb6c387fa4f801fbf6fb2e6ba4673",
                "sha256:d483d2cdf104e7c9fa60c544d92981f12ad66a457afae824d146093b8c294c54",
                "sha256:d858aa552c999bc8a8d57426ed01e40bef403cd8ccdd0fc5f6f04a00414cac2a",
                "sha256:e7d73685e87afe9f3b36c799222440d6cf362062f78be1013661b00c5c6f678b",
                "sha256:f003ed9ad21d6a4713f0a9b5a7a0a79e08dd0f221aff4525a2be4c346ee60aab",
                "sha256:f22ac1c3cac4dbc50079e965eba2c1058622631e526bd9afd45fedd49ba781fa",
                "sha256:faca3bdcf85b2fc05d06ff3fbc1f83e1391b3e724afa3feba7d13eeab355484c",
                "sha256:fca0e3a251908a499833aa292323f32437106001d436eca0e6e7833256674585",
                "sha256:fd1592b3fdf65fff2ad0004b5e363300ef59ced41c2e6b3a99d4089fa8c5435d",
                "sha256:fd66fc5d0da6d9815ba2cebeb4205f95818ff4b79c3ebe268e75d961704af52f"
            ],
            "index": "pypi",
            "markers": "python_version >= '3.6'",
            "version": "==6.0.1"
        },
        "requests": {
            "hashes": [
                "sha256:58cd2187c01e70e6e26505bca751777aa9f2ee0b7f4300988b709f44e013003f",
                "sha256:942c5a758f98d790eaed1a29cb6eefc7ffb0d1cf7af05c3d2791656dbd6ad1e1"
            ],
            "markers": "python_version >= '3.7'",
            "version": "==2.31.0"
        },
        "smmap": {
            "hashes": [
                "sha256:dceeb6c0028fdb6734471eb07c0cd2aae706ccaecab45965ee83f11c8d3b1f62",
                "sha256:e6d8668fa5f93e706934a62d7b4db19c8d9eb8cf2adbb75ef1b675aa332b69da"
            ],
            "markers": "python_version >= '3.7'",
            "version": "==5.0.1"
        },
        "tqdm": {
            "hashes": [
                "sha256:d302b3c5b53d47bce91fea46679d9c3c6508cf6332229aa1e7d8653723793386",
                "sha256:d88e651f9db8d8551a62556d3cff9e3034274ca5d66e93197cf2490e2dcb69c7"
            ],
            "markers": "python_version >= '3.7'",
            "version": "==4.66.1"
        },
        "typer": {
            "hashes": [
                "sha256:50922fd79aea2f4751a8e0408ff10d2662bd0c8bbfa84755a699f3bada2978b2",
                "sha256:5d96d986a21493606a358cae4461bd8cdf83cbf33a5aa950ae629ca3b51467ee"
            ],
            "markers": "python_version >= '3.6'",
            "version": "==0.9.0"
        },
        "typing-extensions": {
            "hashes": [
                "sha256:8f92fc8806f9a6b641eaa5318da32b44d401efaac0f6678c9bc448ba3605faa0",
                "sha256:df8e4339e9cb77357558cbdbceca33c303714cf861d1eef15e1070055ae8b7ef"
            ],
            "markers": "python_version >= '3.8'",
            "version": "==4.8.0"
        },
        "urllib3": {
            "hashes": [
                "sha256:13abf37382ea2ce6fb744d4dad67838eec857c9f4f57009891805e0b5e123594",
                "sha256:ef16afa8ba34a1f989db38e1dbbe0c302e4289a47856990d0682e374563ce35e"
            ],
            "markers": "python_version >= '3.7'",
            "version": "==2.0.5"
        }
    },
    "develop": {}
}
